
Microsoft Visual Studio Solution File, Format Version 12.00
# Visual Studio Version 17
VisualStudioVersion = 17.8.34309.116
MinimumVisualStudioVersion = 10.0.40219.1
Project("{FAE04EC0-301F-11D3-BF4B-00C04F79EFBC}") = "QLPK", "QLPK.csproj", "{B27FA221-0D53-4768-B596-44AA357CDB2C}"
EndProject
Global
	GlobalSection(SolutionConfigurationPlatforms) = preSolution
		Debug|Any CPU = Debug|Any CPU
		Release|Any CPU = Release|Any CPU
	EndGlobalSection
	GlobalSection(ProjectConfigurationPlatforms) = postSolution
		{B27FA221-0D53-4768-B596-44AA357CDB2C}.Debug|Any CPU.ActiveCfg = Debug|Any CPU
		{B27FA221-0D53-4768-B596-44AA357CDB2C}.Debug|Any CPU.Build.0 = Debug|Any CPU
		{B27FA221-0D53-4768-B596-44AA357CDB2C}.Release|Any CPU.ActiveCfg = Release|Any CPU
		{B27FA221-0D53-4768-B596-44AA357CDB2C}.Release|Any CPU.Build.0 = Release|Any CPU
	EndGlobalSection
	GlobalSection(SolutionProperties) = preSolution
		HideSolutionNode = FALSE
	EndGlobalSection
	GlobalSection(ExtensibilityGlobals) = postSolution
		SolutionGuid = {82B4302A-E46D-4B42-AE1C-13B7374B0FD1}
	EndGlobalSection
EndGlobal
